
Microsoft Visual Studio Solution File, Format Version 12.00
# Visual Studio 15
VisualStudioVersion = 15.0.28307.572
MinimumVisualStudioVersion = 10.0.40219.1
Project("{FAE04EC0-301F-11D3-BF4B-00C04F79EFBC}") = "DirectionsAB", "DirectionsAB\DirectionsAB.csproj", "{D68A3F3B-E9E0-4783-AEA0-AC7B8407DCF3}"
EndProject
Global
	GlobalSection(SolutionConfigurationPlatforms) = preSolution
		Debug|Any CPU = Debug|Any CPU
		Release|Any CPU = Release|Any CPU
	EndGlobalSection
	GlobalSection(ProjectConfigurationPlatforms) = postSolution
		{D68A3F3B-E9E0-4783-AEA0-AC7B8407DCF3}.Debug|Any CPU.ActiveCfg = Debug|Any CPU
		{D68A3F3B-E9E0-4783-AEA0-AC7B8407DCF3}.Debug|Any CPU.Build.0 = Debug|Any CPU
		{D68A3F3B-E9E0-4783-AEA0-AC7B8407DCF3}.Release|Any CPU.ActiveCfg = Release|Any CPU
		{D68A3F3B-E9E0-4783-AEA0-AC7B8407DCF3}.Release|Any CPU.Build.0 = Release|Any CPU
	EndGlobalSection
	GlobalSection(SolutionProperties) = preSolution
		HideSolutionNode = FALSE
	EndGlobalSection
	GlobalSection(ExtensibilityGlobals) = postSolution
		SolutionGuid = {02FD8ED4-6F10-4FB2-AE36-A7917E05EB79}
	EndGlobalSection
EndGlobal
